// !$*UTF8*$!
{
	archiveVersion = 1;
	classes = {
	};
	objectVersion = 56;
	objects = {

/* Begin PBXBuildFile section */
		054382B2B79FFA38B9405664 /* Pods_NizekTestTests.framework in Frameworks */ = {isa = PBXBuildFile; fileRef = A43644513BB1C546D19493BB /* Pods_NizekTestTests.framework */; };
		A8CDEE810B524367681439E2 /* Pods_NizekTest.framework in Frameworks */ = {isa = PBXBuildFile; fileRef = B1C7707778F65F8AF86A7631 /* Pods_NizekTest.framework */; };
		A90B0EEF003CDE31B27DDE35 /* Pods_NizekTest_NizekTestUITests.framework in Frameworks */ = {isa = PBXBuildFile; fileRef = 1FB150B7C8EF6D8CE5F75281 /* Pods_NizekTest_NizekTestUITests.framework */; };
		FA6AB229292DBD960017D1B8 /* Resolver.swift in Sources */ = {isa = PBXBuildFile; fileRef = FA6AB228292DBD960017D1B8 /* Resolver.swift */; };
		FA6AB22C292DBF5C0017D1B8 /* UserRepository.swift in Sources */ = {isa = PBXBuildFile; fileRef = FA6AB22B292DBF5C0017D1B8 /* UserRepository.swift */; };
		FA951CFD292D205C00E35ED1 /* AlertUtils.swift in Sources */ = {isa = PBXBuildFile; fileRef = FA951CFC292D205C00E35ED1 /* AlertUtils.swift */; };
		FA951CFF292D248800E35ED1 /* LoginViewModel.swift in Sources */ = {isa = PBXBuildFile; fileRef = FA951CFE292D248800E35ED1 /* LoginViewModel.swift */; };
		FA951D01292D544100E35ED1 /* Constants.swift in Sources */ = {isa = PBXBuildFile; fileRef = FA951D00292D544100E35ED1 /* Constants.swift */; };
		FA951D03292D550800E35ED1 /* SceneDelegateExtensions.swift in Sources */ = {isa = PBXBuildFile; fileRef = FA951D02292D550800E35ED1 /* SceneDelegateExtensions.swift */; };
		FA965538292BFB670026C9A4 /* TitleSubtitleButton.swift in Sources */ = {isa = PBXBuildFile; fileRef = FA965537292BFB670026C9A4 /* TitleSubtitleButton.swift */; };
		FA96553A292BFBE40026C9A4 /* TitleSubtitleIconButton.swift in Sources */ = {isa = PBXBuildFile; fileRef = FA965539292BFBE40026C9A4 /* TitleSubtitleIconButton.swift */; };
		FA96553D292BFC910026C9A4 /* TitleIconButton.swift in Sources */ = {isa = PBXBuildFile; fileRef = FA96553C292BFC910026C9A4 /* TitleIconButton.swift */; };
		FA96553F292BFDD60026C9A4 /* TitleButton.swift in Sources */ = {isa = PBXBuildFile; fileRef = FA96553E292BFDD60026C9A4 /* TitleButton.swift */; };
		FACC6D59292A2559003649D8 /* AppDelegate.swift in Sources */ = {isa = PBXBuildFile; fileRef = FACC6D58292A2559003649D8 /* AppDelegate.swift */; };
		FACC6D5B292A2559003649D8 /* SceneDelegate.swift in Sources */ = {isa = PBXBuildFile; fileRef = FACC6D5A292A2559003649D8 /* SceneDelegate.swift */; };
		FACC6D60292A2559003649D8 /* Main.storyboard in Resources */ = {isa = PBXBuildFile; fileRef = FACC6D5E292A2559003649D8 /* Main.storyboard */; };
		FACC6D62292A255A003649D8 /* Assets.xcassets in Resources */ = {isa = PBXBuildFile; fileRef = FACC6D61292A255A003649D8 /* Assets.xcassets */; };
		FACC6D65292A255A003649D8 /* LaunchScreen.storyboard in Resources */ = {isa = PBXBuildFile; fileRef = FACC6D63292A255A003649D8 /* LaunchScreen.storyboard */; };
		FACC6D70292A255A003649D8 /* NizekTestTests.swift in Sources */ = {isa = PBXBuildFile; fileRef = FACC6D6F292A255A003649D8 /* NizekTestTests.swift */; };
		FACC6D7A292A255A003649D8 /* NizekTestUITests.swift in Sources */ = {isa = PBXBuildFile; fileRef = FACC6D79292A255A003649D8 /* NizekTestUITests.swift */; };
		FACC6D7C292A255A003649D8 /* NizekTestUITestsLaunchTests.swift in Sources */ = {isa = PBXBuildFile; fileRef = FACC6D7B292A255A003649D8 /* NizekTestUITestsLaunchTests.swift */; };
		FACC6D89292A26B3003649D8 /* MainCoordinator.swift in Sources */ = {isa = PBXBuildFile; fileRef = FACC6D88292A26B3003649D8 /* MainCoordinator.swift */; };
		FACC6D8B292A2702003649D8 /* SignUpViewController.swift in Sources */ = {isa = PBXBuildFile; fileRef = FACC6D8A292A2702003649D8 /* SignUpViewController.swift */; };
		FACC6D8D292A274C003649D8 /* SignUpView.swift in Sources */ = {isa = PBXBuildFile; fileRef = FACC6D8C292A274C003649D8 /* SignUpView.swift */; };
		FACC6D92292A2951003649D8 /* AppGenericButton.swift in Sources */ = {isa = PBXBuildFile; fileRef = FACC6D91292A2951003649D8 /* AppGenericButton.swift */; };
		FAE08EAD292CA2D900C5F404 /* TestView.swift in Sources */ = {isa = PBXBuildFile; fileRef = FAE08EAC292CA2D900C5F404 /* TestView.swift */; };
		FAE08EB2292CA72100C5F404 /* LoginViewController.swift in Sources */ = {isa = PBXBuildFile; fileRef = FAE08EB1292CA72100C5F404 /* LoginViewController.swift */; };
		FAE08EB4292CA74700C5F404 /* LoginView.swift in Sources */ = {isa = PBXBuildFile; fileRef = FAE08EB3292CA74700C5F404 /* LoginView.swift */; };
		FAE08EB6292CAB1300C5F404 /* HomeViewController.swift in Sources */ = {isa = PBXBuildFile; fileRef = FAE08EB5292CAB1300C5F404 /* HomeViewController.swift */; };
		FAE08EB8292CAB5100C5F404 /* HomeView.swift in Sources */ = {isa = PBXBuildFile; fileRef = FAE08EB7292CAB5100C5F404 /* HomeView.swift */; };
		FAE08EBB292CAD3200C5F404 /* Int.swift in Sources */ = {isa = PBXBuildFile; fileRef = FAE08EBA292CAD3200C5F404 /* Int.swift */; };
		FAE08EBD292CC0E800C5F404 /* SignUpViewModel.swift in Sources */ = {isa = PBXBuildFile; fileRef = FAE08EBC292CC0E800C5F404 /* SignUpViewModel.swift */; };
		FAE08EC0292CC66700C5F404 /* UserCoreData.xcdatamodeld in Sources */ = {isa = PBXBuildFile; fileRef = FAE08EBE292CC66700C5F404 /* UserCoreData.xcdatamodeld */; };
		FAE08ECD292CE03200C5F404 /* UserRepositoryImpl.swift in Sources */ = {isa = PBXBuildFile; fileRef = FAE08ECC292CE03200C5F404 /* UserRepositoryImpl.swift */; };
		FAE08ECF292CF85600C5F404 /* SharedPreferencesUtils.swift in Sources */ = {isa = PBXBuildFile; fileRef = FAE08ECE292CF85600C5F404 /* SharedPreferencesUtils.swift */; };
/* End PBXBuildFile section */

/* Begin PBXContainerItemProxy section */
		FACC6D6C292A255A003649D8 /* PBXContainerItemProxy */ = {
			isa = PBXContainerItemProxy;
			containerPortal = FACC6D4D292A2559003649D8 /* Project object */;
			proxyType = 1;
			remoteGlobalIDString = FACC6D54292A2559003649D8;
			remoteInfo = NizekTest;
		};
		FACC6D76292A255A003649D8 /* PBXContainerItemProxy */ = {
			isa = PBXContainerItemProxy;
			containerPortal = FACC6D4D292A2559003649D8 /* Project object */;
			proxyType = 1;
			remoteGlobalIDString = FACC6D54292A2559003649D8;
			remoteInfo = NizekTest;
		};
/* End PBXContainerItemProxy section */

/* Begin PBXFileReference section */
		1FB150B7C8EF6D8CE5F75281 /* Pods_NizekTest_NizekTestUITests.framework */ = {isa = PBXFileReference; explicitFileType = wrapper.framework; includeInIndex = 0; path = Pods_NizekTest_NizekTestUITests.framework; sourceTree = BUILT_PRODUCTS_DIR; };
		2873D2FB011F3BA1D320582E /* Pods-NizekTest.release.xcconfig */ = {isa = PBXFileReference; includeInIndex = 1; lastKnownFileType = text.xcconfig; name = "Pods-NizekTest.release.xcconfig"; path = "Target Support Files/Pods-NizekTest/Pods-NizekTest.release.xcconfig"; sourceTree = "<group>"; };
		6D82812CAEA6793ED2AACF81 /* Pods-NizekTestTests.debug.xcconfig */ = {isa = PBXFileReference; includeInIndex = 1; lastKnownFileType = text.xcconfig; name = "Pods-NizekTestTests.debug.xcconfig"; path = "Target Support Files/Pods-NizekTestTests/Pods-NizekTestTests.debug.xcconfig"; sourceTree = "<group>"; };
		A43644513BB1C546D19493BB /* Pods_NizekTestTests.framework */ = {isa = PBXFileReference; explicitFileType = wrapper.framework; includeInIndex = 0; path = Pods_NizekTestTests.framework; sourceTree = BUILT_PRODUCTS_DIR; };
		B1C7707778F65F8AF86A7631 /* Pods_NizekTest.framework */ = {isa = PBXFileReference; explicitFileType = wrapper.framework; includeInIndex = 0; path = Pods_NizekTest.framework; sourceTree = BUILT_PRODUCTS_DIR; };
		BA50D7EF914946311D4974FC /* Pods-NizekTest-NizekTestUITests.debug.xcconfig */ = {isa = PBXFileReference; includeInIndex = 1; lastKnownFileType = text.xcconfig; name = "Pods-NizekTest-NizekTestUITests.debug.xcconfig"; path = "Target Support Files/Pods-NizekTest-NizekTestUITests/Pods-NizekTest-NizekTestUITests.debug.xcconfig"; sourceTree = "<group>"; };
		BEC37C26BE6EC41701DFDB28 /* Pods-NizekTest.debug.xcconfig */ = {isa = PBXFileReference; includeInIndex = 1; lastKnownFileType = text.xcconfig; name = "Pods-NizekTest.debug.xcconfig"; path = "Target Support Files/Pods-NizekTest/Pods-NizekTest.debug.xcconfig"; sourceTree = "<group>"; };
		C8D047EEA14F2501015C41C5 /* Pods-NizekTestTests.release.xcconfig */ = {isa = PBXFileReference; includeInIndex = 1; lastKnownFileType = text.xcconfig; name = "Pods-NizekTestTests.release.xcconfig"; path = "Target Support Files/Pods-NizekTestTests/Pods-NizekTestTests.release.xcconfig"; sourceTree = "<group>"; };
		D620F8D49403C9AFE773C75B /* Pods-NizekTest-NizekTestUITests.release.xcconfig */ = {isa = PBXFileReference; includeInIndex = 1; lastKnownFileType = text.xcconfig; name = "Pods-NizekTest-NizekTestUITests.release.xcconfig"; path = "Target Support Files/Pods-NizekTest-NizekTestUITests/Pods-NizekTest-NizekTestUITests.release.xcconfig"; sourceTree = "<group>"; };
		FA6AB228292DBD960017D1B8 /* Resolver.swift */ = {isa = PBXFileReference; lastKnownFileType = sourcecode.swift; path = Resolver.swift; sourceTree = "<group>"; };
		FA6AB22B292DBF5C0017D1B8 /* UserRepository.swift */ = {isa = PBXFileReference; lastKnownFileType = sourcecode.swift; path = UserRepository.swift; sourceTree = "<group>"; };
		FA951CFC292D205C00E35ED1 /* AlertUtils.swift */ = {isa = PBXFileReference; lastKnownFileType = sourcecode.swift; path = AlertUtils.swift; sourceTree = "<group>"; };
		FA951CFE292D248800E35ED1 /* LoginViewModel.swift */ = {isa = PBXFileReference; lastKnownFileType = sourcecode.swift; path = LoginViewModel.swift; sourceTree = "<group>"; };
		FA951D00292D544100E35ED1 /* Constants.swift */ = {isa = PBXFileReference; lastKnownFileType = sourcecode.swift; path = Constants.swift; sourceTree = "<group>"; };
		FA951D02292D550800E35ED1 /* SceneDelegateExtensions.swift */ = {isa = PBXFileReference; lastKnownFileType = sourcecode.swift; path = SceneDelegateExtensions.swift; sourceTree = "<group>"; };
		FA965537292BFB670026C9A4 /* TitleSubtitleButton.swift */ = {isa = PBXFileReference; lastKnownFileType = sourcecode.swift; path = TitleSubtitleButton.swift; sourceTree = "<group>"; };
		FA965539292BFBE40026C9A4 /* TitleSubtitleIconButton.swift */ = {isa = PBXFileReference; lastKnownFileType = sourcecode.swift; path = TitleSubtitleIconButton.swift; sourceTree = "<group>"; };
		FA96553C292BFC910026C9A4 /* TitleIconButton.swift */ = {isa = PBXFileReference; lastKnownFileType = sourcecode.swift; path = TitleIconButton.swift; sourceTree = "<group>"; };
		FA96553E292BFDD60026C9A4 /* TitleButton.swift */ = {isa = PBXFileReference; lastKnownFileType = sourcecode.swift; path = TitleButton.swift; sourceTree = "<group>"; };
		FACC6D55292A2559003649D8 /* NizekTest.app */ = {isa = PBXFileReference; explicitFileType = wrapper.application; includeInIndex = 0; path = NizekTest.app; sourceTree = BUILT_PRODUCTS_DIR; };
		FACC6D58292A2559003649D8 /* AppDelegate.swift */ = {isa = PBXFileReference; lastKnownFileType = sourcecode.swift; path = AppDelegate.swift; sourceTree = "<group>"; };
		FACC6D5A292A2559003649D8 /* SceneDelegate.swift */ = {isa = PBXFileReference; lastKnownFileType = sourcecode.swift; path = SceneDelegate.swift; sourceTree = "<group>"; };
		FACC6D5F292A2559003649D8 /* Base */ = {isa = PBXFileReference; lastKnownFileType = file.storyboard; name = Base; path = Base.lproj/Main.storyboard; sourceTree = "<group>"; };
		FACC6D61292A255A003649D8 /* Assets.xcassets */ = {isa = PBXFileReference; lastKnownFileType = folder.assetcatalog; path = Assets.xcassets; sourceTree = "<group>"; };
		FACC6D64292A255A003649D8 /* Base */ = {isa = PBXFileReference; lastKnownFileType = file.storyboard; name = Base; path = Base.lproj/LaunchScreen.storyboard; sourceTree = "<group>"; };
		FACC6D66292A255A003649D8 /* Info.plist */ = {isa = PBXFileReference; lastKnownFileType = text.plist.xml; path = Info.plist; sourceTree = "<group>"; };
		FACC6D6B292A255A003649D8 /* NizekTestTests.xctest */ = {isa = PBXFileReference; explicitFileType = wrapper.cfbundle; includeInIndex = 0; path = NizekTestTests.xctest; sourceTree = BUILT_PRODUCTS_DIR; };
		FACC6D6F292A255A003649D8 /* NizekTestTests.swift */ = {isa = PBXFileReference; lastKnownFileType = sourcecode.swift; path = NizekTestTests.swift; sourceTree = "<group>"; };
		FACC6D75292A255A003649D8 /* NizekTestUITests.xctest */ = {isa = PBXFileReference; explicitFileType = wrapper.cfbundle; includeInIndex = 0; path = NizekTestUITests.xctest; sourceTree = BUILT_PRODUCTS_DIR; };
		FACC6D79292A255A003649D8 /* NizekTestUITests.swift */ = {isa = PBXFileReference; lastKnownFileType = sourcecode.swift; path = NizekTestUITests.swift; sourceTree = "<group>"; };
		FACC6D7B292A255A003649D8 /* NizekTestUITestsLaunchTests.swift */ = {isa = PBXFileReference; lastKnownFileType = sourcecode.swift; path = NizekTestUITestsLaunchTests.swift; sourceTree = "<group>"; };
		FACC6D88292A26B3003649D8 /* MainCoordinator.swift */ = {isa = PBXFileReference; lastKnownFileType = sourcecode.swift; path = MainCoordinator.swift; sourceTree = "<group>"; };
		FACC6D8A292A2702003649D8 /* SignUpViewController.swift */ = {isa = PBXFileReference; lastKnownFileType = sourcecode.swift; path = SignUpViewController.swift; sourceTree = "<group>"; };
		FACC6D8C292A274C003649D8 /* SignUpView.swift */ = {isa = PBXFileReference; lastKnownFileType = sourcecode.swift; path = SignUpView.swift; sourceTree = "<group>"; };
		FACC6D91292A2951003649D8 /* AppGenericButton.swift */ = {isa = PBXFileReference; lastKnownFileType = sourcecode.swift; path = AppGenericButton.swift; sourceTree = "<group>"; };
		FAE08EAC292CA2D900C5F404 /* TestView.swift */ = {isa = PBXFileReference; lastKnownFileType = sourcecode.swift; path = TestView.swift; sourceTree = "<group>"; };
		FAE08EB1292CA72100C5F404 /* LoginViewController.swift */ = {isa = PBXFileReference; lastKnownFileType = sourcecode.swift; path = LoginViewController.swift; sourceTree = "<group>"; };
		FAE08EB3292CA74700C5F404 /* LoginView.swift */ = {isa = PBXFileReference; lastKnownFileType = sourcecode.swift; path = LoginView.swift; sourceTree = "<group>"; };
		FAE08EB5292CAB1300C5F404 /* HomeViewController.swift */ = {isa = PBXFileReference; lastKnownFileType = sourcecode.swift; path = HomeViewController.swift; sourceTree = "<group>"; };
		FAE08EB7292CAB5100C5F404 /* HomeView.swift */ = {isa = PBXFileReference; lastKnownFileType = sourcecode.swift; path = HomeView.swift; sourceTree = "<group>"; };
		FAE08EBA292CAD3200C5F404 /* Int.swift */ = {isa = PBXFileReference; lastKnownFileType = sourcecode.swift; path = Int.swift; sourceTree = "<group>"; };
		FAE08EBC292CC0E800C5F404 /* SignUpViewModel.swift */ = {isa = PBXFileReference; lastKnownFileType = sourcecode.swift; path = SignUpViewModel.swift; sourceTree = "<group>"; };
		FAE08EBF292CC66700C5F404 /* UserModel.xcdatamodel */ = {isa = PBXFileReference; lastKnownFileType = wrapper.xcdatamodel; path = UserModel.xcdatamodel; sourceTree = "<group>"; };
		FAE08ECC292CE03200C5F404 /* UserRepositoryImpl.swift */ = {isa = PBXFileReference; lastKnownFileType = sourcecode.swift; path = UserRepositoryImpl.swift; sourceTree = "<group>"; };
		FAE08ECE292CF85600C5F404 /* SharedPreferencesUtils.swift */ = {isa = PBXFileReference; lastKnownFileType = sourcecode.swift; path = SharedPreferencesUtils.swift; sourceTree = "<group>"; };
/* End PBXFileReference section */

/* Begin PBXFrameworksBuildPhase section */
		FACC6D52292A2559003649D8 /* Frameworks */ = {
			isa = PBXFrameworksBuildPhase;
			buildActionMask = 2147483647;
			files = (
				A8CDEE810B524367681439E2 /* Pods_NizekTest.framework in Frameworks */,
			);
			runOnlyForDeploymentPostprocessing = 0;
		};
		FACC6D68292A255A003649D8 /* Frameworks */ = {
			isa = PBXFrameworksBuildPhase;
			buildActionMask = 2147483647;
			files = (
				054382B2B79FFA38B9405664 /* Pods_NizekTestTests.framework in Frameworks */,
			);
			runOnlyForDeploymentPostprocessing = 0;
		};
		FACC6D72292A255A003649D8 /* Frameworks */ = {
			isa = PBXFrameworksBuildPhase;
			buildActionMask = 2147483647;
			files = (
				A90B0EEF003CDE31B27DDE35 /* Pods_NizekTest_NizekTestUITests.framework in Frameworks */,
			);
			runOnlyForDeploymentPostprocessing = 0;
		};
/* End PBXFrameworksBuildPhase section */

/* Begin PBXGroup section */
		2B381AC4CCB3B4A700375AEF /* Frameworks */ = {
			isa = PBXGroup;
			children = (
				B1C7707778F65F8AF86A7631 /* Pods_NizekTest.framework */,
				1FB150B7C8EF6D8CE5F75281 /* Pods_NizekTest_NizekTestUITests.framework */,
				A43644513BB1C546D19493BB /* Pods_NizekTestTests.framework */,
			);
			name = Frameworks;
			sourceTree = "<group>";
		};
		F7BDCD24CB7207507FE861C9 /* Pods */ = {
			isa = PBXGroup;
			children = (
				BEC37C26BE6EC41701DFDB28 /* Pods-NizekTest.debug.xcconfig */,
				2873D2FB011F3BA1D320582E /* Pods-NizekTest.release.xcconfig */,
				BA50D7EF914946311D4974FC /* Pods-NizekTest-NizekTestUITests.debug.xcconfig */,
				D620F8D49403C9AFE773C75B /* Pods-NizekTest-NizekTestUITests.release.xcconfig */,
				6D82812CAEA6793ED2AACF81 /* Pods-NizekTestTests.debug.xcconfig */,
				C8D047EEA14F2501015C41C5 /* Pods-NizekTestTests.release.xcconfig */,
			);
			path = Pods;
			sourceTree = "<group>";
		};
		FA6AB227292DBD7D0017D1B8 /* DependencyContainer */ = {
			isa = PBXGroup;
			children = (
				FA6AB228292DBD960017D1B8 /* Resolver.swift */,
			);
			path = DependencyContainer;
			sourceTree = "<group>";
		};
		FA6AB22A292DBF1E0017D1B8 /* Domain */ = {
			isa = PBXGroup;
			children = (
				FA6AB22B292DBF5C0017D1B8 /* UserRepository.swift */,
			);
			path = Domain;
			sourceTree = "<group>";
		};
		FA6AB22D292DC6730017D1B8 /* Data */ = {
			isa = PBXGroup;
			children = (
				FAE08EBE292CC66700C5F404 /* UserCoreData.xcdatamodeld */,
				FAE08ECB292CE00500C5F404 /* Repository */,
			);
			path = Data;
			sourceTree = "<group>";
		};
		FA951CFB292D204E00E35ED1 /* Utils */ = {
			isa = PBXGroup;
			children = (
				FA951CFC292D205C00E35ED1 /* AlertUtils.swift */,
			);
			path = Utils;
			sourceTree = "<group>";
		};
		FA965536292BFB320026C9A4 /* button */ = {
			isa = PBXGroup;
			children = (
				FACC6D91292A2951003649D8 /* AppGenericButton.swift */,
				FA965539292BFBE40026C9A4 /* TitleSubtitleIconButton.swift */,
				FA965537292BFB670026C9A4 /* TitleSubtitleButton.swift */,
				FA96553C292BFC910026C9A4 /* TitleIconButton.swift */,
				FA96553E292BFDD60026C9A4 /* TitleButton.swift */,
				FAE08EAC292CA2D900C5F404 /* TestView.swift */,
			);
			path = button;
			sourceTree = "<group>";
		};
		FACC6D4C292A2559003649D8 = {
			isa = PBXGroup;
			children = (
				FACC6D57292A2559003649D8 /* NizekTest */,
				FACC6D6E292A255A003649D8 /* NizekTestTests */,
				FACC6D78292A255A003649D8 /* NizekTestUITests */,
				FACC6D56292A2559003649D8 /* Products */,
				F7BDCD24CB7207507FE861C9 /* Pods */,
				2B381AC4CCB3B4A700375AEF /* Frameworks */,
			);
			sourceTree = "<group>";
		};
		FACC6D56292A2559003649D8 /* Products */ = {
			isa = PBXGroup;
			children = (
				FACC6D55292A2559003649D8 /* NizekTest.app */,
				FACC6D6B292A255A003649D8 /* NizekTestTests.xctest */,
				FACC6D75292A255A003649D8 /* NizekTestUITests.xctest */,
			);
			name = Products;
			sourceTree = "<group>";
		};
		FACC6D57292A2559003649D8 /* NizekTest */ = {
			isa = PBXGroup;
			children = (
				FA6AB22D292DC6730017D1B8 /* Data */,
				FA6AB22A292DBF1E0017D1B8 /* Domain */,
				FA6AB227292DBD7D0017D1B8 /* DependencyContainer */,
				FACC6D8F292A28F3003649D8 /* Core */,
				FACC6D8E292A28EC003649D8 /* Features */,
				FACC6D58292A2559003649D8 /* AppDelegate.swift */,
				FACC6D5A292A2559003649D8 /* SceneDelegate.swift */,
				FACC6D5E292A2559003649D8 /* Main.storyboard */,
				FACC6D61292A255A003649D8 /* Assets.xcassets */,
				FACC6D63292A255A003649D8 /* LaunchScreen.storyboard */,
				FACC6D66292A255A003649D8 /* Info.plist */,
			);
			path = NizekTest;
			sourceTree = "<group>";
		};
		FACC6D6E292A255A003649D8 /* NizekTestTests */ = {
			isa = PBXGroup;
			children = (
				FACC6D6F292A255A003649D8 /* NizekTestTests.swift */,
			);
			path = NizekTestTests;
			sourceTree = "<group>";
		};
		FACC6D78292A255A003649D8 /* NizekTestUITests */ = {
			isa = PBXGroup;
			children = (
				FACC6D79292A255A003649D8 /* NizekTestUITests.swift */,
				FACC6D7B292A255A003649D8 /* NizekTestUITestsLaunchTests.swift */,
			);
			path = NizekTestUITests;
			sourceTree = "<group>";
		};
		FACC6D8E292A28EC003649D8 /* Features */ = {
			isa = PBXGroup;
			children = (
				FAE08EB0292CA70000C5F404 /* Home */,
				FAE08EAF292CA6F500C5F404 /* Login */,
				FAE08EAE292CA6E100C5F404 /* SignUp */,
			);
			path = Features;
			sourceTree = "<group>";
		};
		FACC6D8F292A28F3003649D8 /* Core */ = {
			isa = PBXGroup;
			children = (
				FA951CFB292D204E00E35ED1 /* Utils */,
				FAE08EB9292CAD2100C5F404 /* Extensions */,
				FACC6D90292A293A003649D8 /* Components */,
				FACC6D88292A26B3003649D8 /* MainCoordinator.swift */,
				FAE08ECE292CF85600C5F404 /* SharedPreferencesUtils.swift */,
				FA951D00292D544100E35ED1 /* Constants.swift */,
			);
			path = Core;
			sourceTree = "<group>";
		};
		FACC6D90292A293A003649D8 /* Components */ = {
			isa = PBXGroup;
			children = (
				FA965536292BFB320026C9A4 /* button */,
			);
			path = Components;
			sourceTree = "<group>";
		};
		FAE08EAE292CA6E100C5F404 /* SignUp */ = {
			isa = PBXGroup;
			children = (
				FACC6D8A292A2702003649D8 /* SignUpViewController.swift */,
				FACC6D8C292A274C003649D8 /* SignUpView.swift */,
				FAE08EBC292CC0E800C5F404 /* SignUpViewModel.swift */,
			);
			path = SignUp;
			sourceTree = "<group>";
		};
		FAE08EAF292CA6F500C5F404 /* Login */ = {
			isa = PBXGroup;
			children = (
				FAE08EB1292CA72100C5F404 /* LoginViewController.swift */,
				FAE08EB3292CA74700C5F404 /* LoginView.swift */,
				FA951CFE292D248800E35ED1 /* LoginViewModel.swift */,
			);
			path = Login;
			sourceTree = "<group>";
		};
		FAE08EB0292CA70000C5F404 /* Home */ = {
			isa = PBXGroup;
			children = (
				FAE08EB5292CAB1300C5F404 /* HomeViewController.swift */,
				FAE08EB7292CAB5100C5F404 /* HomeView.swift */,
			);
			path = Home;
			sourceTree = "<group>";
		};
		FAE08EB9292CAD2100C5F404 /* Extensions */ = {
			isa = PBXGroup;
			children = (
				FAE08EBA292CAD3200C5F404 /* Int.swift */,
				FA951D02292D550800E35ED1 /* SceneDelegateExtensions.swift */,
			);
			path = Extensions;
			sourceTree = "<group>";
		};
		FAE08ECB292CE00500C5F404 /* Repository */ = {
			isa = PBXGroup;
			children = (
				FAE08ECC292CE03200C5F404 /* UserRepositoryImpl.swift */,
			);
			path = Repository;
			sourceTree = "<group>";
		};
/* End PBXGroup section */

/* Begin PBXNativeTarget section */
		FACC6D54292A2559003649D8 /* NizekTest */ = {
			isa = PBXNativeTarget;
			buildConfigurationList = FACC6D7F292A255A003649D8 /* Build configuration list for PBXNativeTarget "NizekTest" */;
			buildPhases = (
				7DE0FC92B7700AB99F0DD568 /* [CP] Check Pods Manifest.lock */,
				FACC6D51292A2559003649D8 /* Sources */,
				FACC6D52292A2559003649D8 /* Frameworks */,
				FACC6D53292A2559003649D8 /* Resources */,
				79615FB6196DA206C098EC07 /* [CP] Embed Pods Frameworks */,
			);
			buildRules = (
			);
			dependencies = (
			);
			name = NizekTest;
			productName = NizekTest;
			productReference = FACC6D55292A2559003649D8 /* NizekTest.app */;
			productType = "com.apple.product-type.application";
		};
		FACC6D6A292A255A003649D8 /* NizekTestTests */ = {
			isa = PBXNativeTarget;
			buildConfigurationList = FACC6D82292A255A003649D8 /* Build configuration list for PBXNativeTarget "NizekTestTests" */;
			buildPhases = (
				7D47D627E1B0BF481C78CECF /* [CP] Check Pods Manifest.lock */,
				FACC6D67292A255A003649D8 /* Sources */,
				FACC6D68292A255A003649D8 /* Frameworks */,
				FACC6D69292A255A003649D8 /* Resources */,
			);
			buildRules = (
			);
			dependencies = (
				FACC6D6D292A255A003649D8 /* PBXTargetDependency */,
			);
			name = NizekTestTests;
			productName = NizekTestTests;
			productReference = FACC6D6B292A255A003649D8 /* NizekTestTests.xctest */;
			productType = "com.apple.product-type.bundle.unit-test";
		};
		FACC6D74292A255A003649D8 /* NizekTestUITests */ = {
			isa = PBXNativeTarget;
			buildConfigurationList = FACC6D85292A255A003649D8 /* Build configuration list for PBXNativeTarget "NizekTestUITests" */;
			buildPhases = (
				845DC0F8AB59FFE9FCB6129A /* [CP] Check Pods Manifest.lock */,
				FACC6D71292A255A003649D8 /* Sources */,
				FACC6D72292A255A003649D8 /* Frameworks */,
				FACC6D73292A255A003649D8 /* Resources */,
				D76B8680F41C6515114FB20D /* [CP] Embed Pods Frameworks */,
			);
			buildRules = (
			);
			dependencies = (
				FACC6D77292A255A003649D8 /* PBXTargetDependency */,
			);
			name = NizekTestUITests;
			productName = NizekTestUITests;
			productReference = FACC6D75292A255A003649D8 /* NizekTestUITests.xctest */;
			productType = "com.apple.product-type.bundle.ui-testing";
		};
/* End PBXNativeTarget section */

/* Begin PBXProject section */
		FACC6D4D292A2559003649D8 /* Project object */ = {
			isa = PBXProject;
			attributes = {
				BuildIndependentTargetsInParallel = 1;
				LastSwiftUpdateCheck = 1410;
				LastUpgradeCheck = 1410;
				TargetAttributes = {
					FACC6D54292A2559003649D8 = {
						CreatedOnToolsVersion = 14.1;
					};
					FACC6D6A292A255A003649D8 = {
						CreatedOnToolsVersion = 14.1;
						TestTargetID = FACC6D54292A2559003649D8;
					};
					FACC6D74292A255A003649D8 = {
						CreatedOnToolsVersion = 14.1;
						TestTargetID = FACC6D54292A2559003649D8;
					};
				};
			};
			buildConfigurationList = FACC6D50292A2559003649D8 /* Build configuration list for PBXProject "NizekTest" */;
			compatibilityVersion = "Xcode 14.0";
			developmentRegion = en;
			hasScannedForEncodings = 0;
			knownRegions = (
				en,
				Base,
			);
			mainGroup = FACC6D4C292A2559003649D8;
			productRefGroup = FACC6D56292A2559003649D8 /* Products */;
			projectDirPath = "";
			projectRoot = "";
			targets = (
				FACC6D54292A2559003649D8 /* NizekTest */,
				FACC6D6A292A255A003649D8 /* NizekTestTests */,
				FACC6D74292A255A003649D8 /* NizekTestUITests */,
			);
		};
/* End PBXProject section */

/* Begin PBXResourcesBuildPhase section */
		FACC6D53292A2559003649D8 /* Resources */ = {
			isa = PBXResourcesBuildPhase;
			buildActionMask = 2147483647;
			files = (
				FACC6D65292A255A003649D8 /* LaunchScreen.storyboard in Resources */,
				FACC6D62292A255A003649D8 /* Assets.xcassets in Resources */,
				FACC6D60292A2559003649D8 /* Main.storyboard in Resources */,
			);
			runOnlyForDeploymentPostprocessing = 0;
		};
		FACC6D69292A255A003649D8 /* Resources */ = {
			isa = PBXResourcesBuildPhase;
			buildActionMask = 2147483647;
			files = (
			);
			runOnlyForDeploymentPostprocessing = 0;
		};
		FACC6D73292A255A003649D8 /* Resources */ = {
			isa = PBXResourcesBuildPhase;
			buildActionMask = 2147483647;
			files = (
			);
			runOnlyForDeploymentPostprocessing = 0;
		};
/* End PBXResourcesBuildPhase section */

/* Begin PBXShellScriptBuildPhase section */
		79615FB6196DA206C098EC07 /* [CP] Embed Pods Frameworks */ = {
			isa = PBXShellScriptBuildPhase;
			buildActionMask = 2147483647;
			files = (
			);
			inputFileListPaths = (
				"${PODS_ROOT}/Target Support Files/Pods-NizekTest/Pods-NizekTest-frameworks-${CONFIGURATION}-input-files.xcfilelist",
			);
			name = "[CP] Embed Pods Frameworks";
			outputFileListPaths = (
				"${PODS_ROOT}/Target Support Files/Pods-NizekTest/Pods-NizekTest-frameworks-${CONFIGURATION}-output-files.xcfilelist",
			);
			runOnlyForDeploymentPostprocessing = 0;
			shellPath = /bin/sh;
			shellScript = "\"${PODS_ROOT}/Target Support Files/Pods-NizekTest/Pods-NizekTest-frameworks.sh\"\n";
			showEnvVarsInLog = 0;
		};
		7D47D627E1B0BF481C78CECF /* [CP] Check Pods Manifest.lock */ = {
			isa = PBXShellScriptBuildPhase;
			buildActionMask = 2147483647;
			files = (
			);
			inputFileListPaths = (
			);
			inputPaths = (
				"${PODS_PODFILE_DIR_PATH}/Podfile.lock",
				"${PODS_ROOT}/Manifest.lock",
			);
			name = "[CP] Check Pods Manifest.lock";
			outputFileListPaths = (
			);
			outputPaths = (
				"$(DERIVED_FILE_DIR)/Pods-NizekTestTests-checkManifestLockResult.txt",
			);
			runOnlyForDeploymentPostprocessing = 0;
			shellPath = /bin/sh;
			shellScript = "diff \"${PODS_PODFILE_DIR_PATH}/Podfile.lock\" \"${PODS_ROOT}/Manifest.lock\" > /dev/null\nif [ $? != 0 ] ; then\n    # print error to STDERR\n    echo \"error: The sandbox is not in sync with the Podfile.lock. Run 'pod install' or update your CocoaPods installation.\" >&2\n    exit 1\nfi\n# This output is used by Xcode 'outputs' to avoid re-running this script phase.\necho \"SUCCESS\" > \"${SCRIPT_OUTPUT_FILE_0}\"\n";
			showEnvVarsInLog = 0;
		};
		7DE0FC92B7700AB99F0DD568 /* [CP] Check Pods Manifest.lock */ = {
			isa = PBXShellScriptBuildPhase;
			buildActionMask = 2147483647;
			files = (
			);
			inputFileListPaths = (
			);
			inputPaths = (
				"${PODS_PODFILE_DIR_PATH}/Podfile.lock",
				"${PODS_ROOT}/Manifest.lock",
			);
			name = "[CP] Check Pods Manifest.lock";
			outputFileListPaths = (
			);
			outputPaths = (
				"$(DERIVED_FILE_DIR)/Pods-NizekTest-checkManifestLockResult.txt",
			);
			runOnlyForDeploymentPostprocessing = 0;
			shellPath = /bin/sh;
			shellScript = "diff \"${PODS_PODFILE_DIR_PATH}/Podfile.lock\" \"${PODS_ROOT}/Manifest.lock\" > /dev/null\nif [ $? != 0 ] ; then\n    # print error to STDERR\n    echo \"error: The sandbox is not in sync with the Podfile.lock. Run 'pod install' or update your CocoaPods installation.\" >&2\n    exit 1\nfi\n# This output is used by Xcode 'outputs' to avoid re-running this script phase.\necho \"SUCCESS\" > \"${SCRIPT_OUTPUT_FILE_0}\"\n";
			showEnvVarsInLog = 0;
		};
		845DC0F8AB59FFE9FCB6129A /* [CP] Check Pods Manifest.lock */ = {
			isa = PBXShellScriptBuildPhase;
			buildActionMask = 2147483647;
			files = (
			);
			inputFileListPaths = (
			);
			inputPaths = (
				"${PODS_PODFILE_DIR_PATH}/Podfile.lock",
				"${PODS_ROOT}/Manifest.lock",
			);
			name = "[CP] Check Pods Manifest.lock";
			outputFileListPaths = (
			);
			outputPaths = (
				"$(DERIVED_FILE_DIR)/Pods-NizekTest-NizekTestUITests-checkManifestLockResult.txt",
			);
			runOnlyForDeploymentPostprocessing = 0;
			shellPath = /bin/sh;
			shellScript = "diff \"${PODS_PODFILE_DIR_PATH}/Podfile.lock\" \"${PODS_ROOT}/Manifest.lock\" > /dev/null\nif [ $? != 0 ] ; then\n    # print error to STDERR\n    echo \"error: The sandbox is not in sync with the Podfile.lock. Run 'pod install' or update your CocoaPods installation.\" >&2\n    exit 1\nfi\n# This output is used by Xcode 'outputs' to avoid re-running this script phase.\necho \"SUCCESS\" > \"${SCRIPT_OUTPUT_FILE_0}\"\n";
			showEnvVarsInLog = 0;
		};
		D76B8680F41C6515114FB20D /* [CP] Embed Pods Frameworks */ = {
			isa = PBXShellScriptBuildPhase;
			buildActionMask = 2147483647;
			files = (
			);
			inputFileListPaths = (
				"${PODS_ROOT}/Target Support Files/Pods-NizekTest-NizekTestUITests/Pods-NizekTest-NizekTestUITests-frameworks-${CONFIGURATION}-input-files.xcfilelist",
			);
			name = "[CP] Embed Pods Frameworks";
			outputFileListPaths = (
				"${PODS_ROOT}/Target Support Files/Pods-NizekTest-NizekTestUITests/Pods-NizekTest-NizekTestUITests-frameworks-${CONFIGURATION}-output-files.xcfilelist",
			);
			runOnlyForDeploymentPostprocessing = 0;
			shellPath = /bin/sh;
			shellScript = "\"${PODS_ROOT}/Target Support Files/Pods-NizekTest-NizekTestUITests/Pods-NizekTest-NizekTestUITests-frameworks.sh\"\n";
			showEnvVarsInLog = 0;
		};
/* End PBXShellScriptBuildPhase section */

/* Begin PBXSourcesBuildPhase section */
		FACC6D51292A2559003649D8 /* Sources */ = {
			isa = PBXSourcesBuildPhase;
			buildActionMask = 2147483647;
			files = (
				FA951CFF292D248800E35ED1 /* LoginViewModel.swift in Sources */,
				FAE08EAD292CA2D900C5F404 /* TestView.swift in Sources */,
				FA96553D292BFC910026C9A4 /* TitleIconButton.swift in Sources */,
				FACC6D89292A26B3003649D8 /* MainCoordinator.swift in Sources */,
				FAE08ECF292CF85600C5F404 /* SharedPreferencesUtils.swift in Sources */,
				FAE08EBD292CC0E800C5F404 /* SignUpViewModel.swift in Sources */,
				FACC6D59292A2559003649D8 /* AppDelegate.swift in Sources */,
				FAE08EB6292CAB1300C5F404 /* HomeViewController.swift in Sources */,
				FA6AB229292DBD960017D1B8 /* Resolver.swift in Sources */,
				FA951CFD292D205C00E35ED1 /* AlertUtils.swift in Sources */,
				FA6AB22C292DBF5C0017D1B8 /* UserRepository.swift in Sources */,
				FAE08EBB292CAD3200C5F404 /* Int.swift in Sources */,
				FA96553F292BFDD60026C9A4 /* TitleButton.swift in Sources */,
				FACC6D5B292A2559003649D8 /* SceneDelegate.swift in Sources */,
				FACC6D8D292A274C003649D8 /* SignUpView.swift in Sources */,
				FAE08EB4292CA74700C5F404 /* LoginView.swift in Sources */,
				FACC6D92292A2951003649D8 /* AppGenericButton.swift in Sources */,
				FA96553A292BFBE40026C9A4 /* TitleSubtitleIconButton.swift in Sources */,
				FA965538292BFB670026C9A4 /* TitleSubtitleButton.swift in Sources */,
				FAE08EB8292CAB5100C5F404 /* HomeView.swift in Sources */,
				FAE08EB2292CA72100C5F404 /* LoginViewController.swift in Sources */,
				FA951D03292D550800E35ED1 /* SceneDelegateExtensions.swift in Sources */,
				FACC6D8B292A2702003649D8 /* SignUpViewController.swift in Sources */,
				FAE08ECD292CE03200C5F404 /* UserRepositoryImpl.swift in Sources */,
				FAE08EC0292CC66700C5F404 /* UserCoreData.xcdatamodeld in Sources */,
				FA951D01292D544100E35ED1 /* Constants.swift in Sources */,
			);
			runOnlyForDeploymentPostprocessing = 0;
		};
		FACC6D67292A255A003649D8 /* Sources */ = {
			isa = PBXSourcesBuildPhase;
			buildActionMask = 2147483647;
			files = (
				FACC6D70292A255A003649D8 /* NizekTestTests.swift in Sources */,
			);
			runOnlyForDeploymentPostprocessing = 0;
		};
		FACC6D71292A255A003649D8 /* Sources */ = {
			isa = PBXSourcesBuildPhase;
			buildActionMask = 2147483647;
			files = (
				FACC6D7C292A255A003649D8 /* NizekTestUITestsLaunchTests.swift in Sources */,
				FACC6D7A292A255A003649D8 /* NizekTestUITests.swift in Sources */,
			);
			runOnlyForDeploymentPostprocessing = 0;
		};
/* End PBXSourcesBuildPhase section */

/* Begin PBXTargetDependency section */
		FACC6D6D292A255A003649D8 /* PBXTargetDependency */ = {
			isa = PBXTargetDependency;
			target = FACC6D54292A2559003649D8 /* NizekTest */;
			targetProxy = FACC6D6C292A255A003649D8 /* PBXContainerItemProxy */;
		};
		FACC6D77292A255A003649D8 /* PBXTargetDependency */ = {
			isa = PBXTargetDependency;
			target = FACC6D54292A2559003649D8 /* NizekTest */;
			targetProxy = FACC6D76292A255A003649D8 /* PBXContainerItemProxy */;
		};
/* End PBXTargetDependency section */

/* Begin PBXVariantGroup section */
		FACC6D5E292A2559003649D8 /* Main.storyboard */ = {
			isa = PBXVariantGroup;
			children = (
				FACC6D5F292A2559003649D8 /* Base */,
			);
			name = Main.storyboard;
			sourceTree = "<group>";
		};
		FACC6D63292A255A003649D8 /* LaunchScreen.storyboard */ = {
			isa = PBXVariantGroup;
			children = (
				FACC6D64292A255A003649D8 /* Base */,
			);
			name = LaunchScreen.storyboard;
			sourceTree = "<group>";
		};
/* End PBXVariantGroup section */

/* Begin XCBuildConfiguration section */
		FACC6D7D292A255A003649D8 /* Debug */ = {
			isa = XCBuildConfiguration;
			buildSettings = {
				ALWAYS_SEARCH_USER_PATHS = NO;
				CLANG_ANALYZER_NONNULL = YES;
				CLANG_ANALYZER_NUMBER_OBJECT_CONVERSION = YES_AGGRESSIVE;
				CLANG_CXX_LANGUAGE_STANDARD = "gnu++20";
				CLANG_ENABLE_MODULES = YES;
				CLANG_ENABLE_OBJC_ARC = YES;
				CLANG_ENABLE_OBJC_WEAK = YES;
				CLANG_WARN_BLOCK_CAPTURE_AUTORELEASING = YES;
				CLANG_WARN_BOOL_CONVERSION = YES;
				CLANG_WARN_COMMA = YES;
				CLANG_WARN_CONSTANT_CONVERSION = YES;
				CLANG_WARN_DEPRECATED_OBJC_IMPLEMENTATIONS = YES;
				CLANG_WARN_DIRECT_OBJC_ISA_USAGE = YES_ERROR;
				CLANG_WARN_DOCUMENTATION_COMMENTS = YES;
				CLANG_WARN_EMPTY_BODY = YES;
				CLANG_WARN_ENUM_CONVERSION = YES;
				CLANG_WARN_INFINITE_RECURSION = YES;
				CLANG_WARN_INT_CONVERSION = YES;
				CLANG_WARN_NON_LITERAL_NULL_CONVERSION = YES;
				CLANG_WARN_OBJC_IMPLICIT_RETAIN_SELF = YES;
				CLANG_WARN_OBJC_LITERAL_CONVERSION = YES;
				CLANG_WARN_OBJC_ROOT_CLASS = YES_ERROR;
				CLANG_WARN_QUOTED_INCLUDE_IN_FRAMEWORK_HEADER = YES;
				CLANG_WARN_RANGE_LOOP_ANALYSIS = YES;
				CLANG_WARN_STRICT_PROTOTYPES = YES;
				CLANG_WARN_SUSPICIOUS_MOVE = YES;
				CLANG_WARN_UNGUARDED_AVAILABILITY = YES_AGGRESSIVE;
				CLANG_WARN_UNREACHABLE_CODE = YES;
				CLANG_WARN__DUPLICATE_METHOD_MATCH = YES;
				COPY_PHASE_STRIP = NO;
				DEBUG_INFORMATION_FORMAT = dwarf;
				ENABLE_STRICT_OBJC_MSGSEND = YES;
				ENABLE_TESTABILITY = YES;
				GCC_C_LANGUAGE_STANDARD = gnu11;
				GCC_DYNAMIC_NO_PIC = NO;
				GCC_NO_COMMON_BLOCKS = YES;
				GCC_OPTIMIZATION_LEVEL = 0;
				GCC_PREPROCESSOR_DEFINITIONS = (
					"DEBUG=1",
					"$(inherited)",
				);
				GCC_WARN_64_TO_32_BIT_CONVERSION = YES;
				GCC_WARN_ABOUT_RETURN_TYPE = YES_ERROR;
				GCC_WARN_UNDECLARED_SELECTOR = YES;
				GCC_WARN_UNINITIALIZED_AUTOS = YES_AGGRESSIVE;
				GCC_WARN_UNUSED_FUNCTION = YES;
				GCC_WARN_UNUSED_VARIABLE = YES;
				IPHONEOS_DEPLOYMENT_TARGET = 16.1;
				MTL_ENABLE_DEBUG_INFO = INCLUDE_SOURCE;
				MTL_FAST_MATH = YES;
				ONLY_ACTIVE_ARCH = YES;
				SDKROOT = iphoneos;
				SWIFT_ACTIVE_COMPILATION_CONDITIONS = DEBUG;
				SWIFT_OPTIMIZATION_LEVEL = "-Onone";
			};
			name = Debug;
		};
		FACC6D7E292A255A003649D8 /* Release */ = {
			isa = XCBuildConfiguration;
			buildSettings = {
				ALWAYS_SEARCH_USER_PATHS = NO;
				CLANG_ANALYZER_NONNULL = YES;
				CLANG_ANALYZER_NUMBER_OBJECT_CONVERSION = YES_AGGRESSIVE;
				CLANG_CXX_LANGUAGE_STANDARD = "gnu++20";
				CLANG_ENABLE_MODULES = YES;
				CLANG_ENABLE_OBJC_ARC = YES;
				CLANG_ENABLE_OBJC_WEAK = YES;
				CLANG_WARN_BLOCK_CAPTURE_AUTORELEASING = YES;
				CLANG_WARN_BOOL_CONVERSION = YES;
				CLANG_WARN_COMMA = YES;
				CLANG_WARN_CONSTANT_CONVERSION = YES;
				CLANG_WARN_DEPRECATED_OBJC_IMPLEMENTATIONS = YES;
				CLANG_WARN_DIRECT_OBJC_ISA_USAGE = YES_ERROR;
				CLANG_WARN_DOCUMENTATION_COMMENTS = YES;
				CLANG_WARN_EMPTY_BODY = YES;
				CLANG_WARN_ENUM_CONVERSION = YES;
				CLANG_WARN_INFINITE_RECURSION = YES;
				CLANG_WARN_INT_CONVERSION = YES;
				CLANG_WARN_NON_LITERAL_NULL_CONVERSION = YES;
				CLANG_WARN_OBJC_IMPLICIT_RETAIN_SELF = YES;
				CLANG_WARN_OBJC_LITERAL_CONVERSION = YES;
				CLANG_WARN_OBJC_ROOT_CLASS = YES_ERROR;
				CLANG_WARN_QUOTED_INCLUDE_IN_FRAMEWORK_HEADER = YES;
				CLANG_WARN_RANGE_LOOP_ANALYSIS = YES;
				CLANG_WARN_STRICT_PROTOTYPES = YES;
				CLANG_WARN_SUSPICIOUS_MOVE = YES;
				CLANG_WARN_UNGUARDED_AVAILABILITY = YES_AGGRESSIVE;
				CLANG_WARN_UNREACHABLE_CODE = YES;
				CLANG_WARN__DUPLICATE_METHOD_MATCH = YES;
				COPY_PHASE_STRIP = NO;
				DEBUG_INFORMATION_FORMAT = "dwarf-with-dsym";
				ENABLE_NS_ASSERTIONS = NO;
				ENABLE_STRICT_OBJC_MSGSEND = YES;
				GCC_C_LANGUAGE_STANDARD = gnu11;
				GCC_NO_COMMON_BLOCKS = YES;
				GCC_WARN_64_TO_32_BIT_CONVERSION = YES;
				GCC_WARN_ABOUT_RETURN_TYPE = YES_ERROR;
				GCC_WARN_UNDECLARED_SELECTOR = YES;
				GCC_WARN_UNINITIALIZED_AUTOS = YES_AGGRESSIVE;
				GCC_WARN_UNUSED_FUNCTION = YES;
				GCC_WARN_UNUSED_VARIABLE = YES;
				IPHONEOS_DEPLOYMENT_TARGET = 16.1;
				MTL_ENABLE_DEBUG_INFO = NO;
				MTL_FAST_MATH = YES;
				SDKROOT = iphoneos;
				SWIFT_COMPILATION_MODE = wholemodule;
				SWIFT_OPTIMIZATION_LEVEL = "-O";
				VALIDATE_PRODUCT = YES;
			};
			name = Release;
		};
		FACC6D80292A255A003649D8 /* Debug */ = {
			isa = XCBuildConfiguration;
			baseConfigurationReference = BEC37C26BE6EC41701DFDB28 /* Pods-NizekTest.debug.xcconfig */;
			buildSettings = {
				ASSETCATALOG_COMPILER_APPICON_NAME = AppIcon;
				ASSETCATALOG_COMPILER_GLOBAL_ACCENT_COLOR_NAME = AccentColor;
				CODE_SIGN_STYLE = Automatic;
				CURRENT_PROJECT_VERSION = 1;
				DEVELOPMENT_TEAM = VP8H8855PE;
				GENERATE_INFOPLIST_FILE = YES;
				INFOPLIST_FILE = NizekTest/Info.plist;
				INFOPLIST_KEY_UIApplicationSupportsIndirectInputEvents = YES;
				INFOPLIST_KEY_UILaunchStoryboardName = LaunchScreen;
				INFOPLIST_KEY_UIMainStoryboardFile = Main;
				INFOPLIST_KEY_UISupportedInterfaceOrientations_iPad = "UIInterfaceOrientationPortrait UIInterfaceOrientationPortraitUpsideDown UIInterfaceOrientationLandscapeLeft UIInterfaceOrientationLandscapeRight";
				INFOPLIST_KEY_UISupportedInterfaceOrientations_iPhone = "UIInterfaceOrientationPortrait UIInterfaceOrientationLandscapeLeft UIInterfaceOrientationLandscapeRight";
				LD_RUNPATH_SEARCH_PATHS = (
					"$(inherited)",
					"@executable_path/Frameworks",
				);
				MARKETING_VERSION = 1.0;
				PRODUCT_BUNDLE_IDENTIFIER = ir.behrooz.NizekTest;
				PRODUCT_NAME = "$(TARGET_NAME)";
				SWIFT_EMIT_LOC_STRINGS = YES;
				SWIFT_VERSION = 5.0;
				TARGETED_DEVICE_FAMILY = "1,2";
			};
			name = Debug;
		};
		FACC6D81292A255A003649D8 /* Release */ = {
			isa = XCBuildConfiguration;
			baseConfigurationReference = 2873D2FB011F3BA1D320582E /* Pods-NizekTest.release.xcconfig */;
			buildSettings = {
				ASSETCATALOG_COMPILER_APPICON_NAME = AppIcon;
				ASSETCATALOG_COMPILER_GLOBAL_ACCENT_COLOR_NAME = AccentColor;
				CODE_SIGN_STYLE = Automatic;
				CURRENT_PROJECT_VERSION = 1;
				DEVELOPMENT_TEAM = VP8H8855PE;
				GENERATE_INFOPLIST_FILE = YES;
				INFOPLIST_FILE = NizekTest/Info.plist;
				INFOPLIST_KEY_UIApplicationSupportsIndirectInputEvents = YES;
				INFOPLIST_KEY_UILaunchStoryboardName = LaunchScreen;
				INFOPLIST_KEY_UIMainStoryboardFile = Main;
				INFOPLIST_KEY_UISupportedInterfaceOrientations_iPad = "UIInterfaceOrientationPortrait UIInterfaceOrientationPortraitUpsideDown UIInterfaceOrientationLandscapeLeft UIInterfaceOrientationLandscapeRight";
				INFOPLIST_KEY_UISupportedInterfaceOrientations_iPhone = "UIInterfaceOrientationPortrait UIInterfaceOrientationLandscapeLeft UIInterfaceOrientationLandscapeRight";
				LD_RUNPATH_SEARCH_PATHS = (
					"$(inherited)",
					"@executable_path/Frameworks",
				);
				MARKETING_VERSION = 1.0;
				PRODUCT_BUNDLE_IDENTIFIER = ir.behrooz.NizekTest;
				PRODUCT_NAME = "$(TARGET_NAME)";
				SWIFT_EMIT_LOC_STRINGS = YES;
				SWIFT_VERSION = 5.0;
				TARGETED_DEVICE_FAMILY = "1,2";
			};
			name = Release;
		};
		FACC6D83292A255A003649D8 /* Debug */ = {
			isa = XCBuildConfiguration;
			baseConfigurationReference = 6D82812CAEA6793ED2AACF81 /* Pods-NizekTestTests.debug.xcconfig */;
			buildSettings = {
				ALWAYS_EMBED_SWIFT_STANDARD_LIBRARIES = YES;
				BUNDLE_LOADER = "$(TEST_HOST)";
				CODE_SIGN_STYLE = Automatic;
				CURRENT_PROJECT_VERSION = 1;
				DEVELOPMENT_TEAM = VP8H8855PE;
				GENERATE_INFOPLIST_FILE = YES;
				IPHONEOS_DEPLOYMENT_TARGET = 16.1;
				MARKETING_VERSION = 1.0;
				PRODUCT_BUNDLE_IDENTIFIER = ir.behrooz.NizekTestTests;
				PRODUCT_NAME = "$(TARGET_NAME)";
				SWIFT_EMIT_LOC_STRINGS = NO;
				SWIFT_VERSION = 5.0;
				TARGETED_DEVICE_FAMILY = "1,2";
				TEST_HOST = "$(BUILT_PRODUCTS_DIR)/NizekTest.app/$(BUNDLE_EXECUTABLE_FOLDER_PATH)/NizekTest";
			};
			name = Debug;
		};
		FACC6D84292A255A003649D8 /* Release */ = {
			isa = XCBuildConfiguration;
			baseConfigurationReference = C8D047EEA14F2501015C41C5 /* Pods-NizekTestTests.release.xcconfig */;
			buildSettings = {
				ALWAYS_EMBED_SWIFT_STANDARD_LIBRARIES = YES;
				BUNDLE_LOADER = "$(TEST_HOST)";
				CODE_SIGN_STYLE = Automatic;
				CURRENT_PROJECT_VERSION = 1;
				DEVELOPMENT_TEAM = VP8H8855PE;
				GENERATE_INFOPLIST_FILE = YES;
				IPHONEOS_DEPLOYMENT_TARGET = 16.1;
				MARKETING_VERSION = 1.0;
				PRODUCT_BUNDLE_IDENTIFIER = ir.behrooz.NizekTestTests;
				PRODUCT_NAME = "$(TARGET_NAME)";
				SWIFT_EMIT_LOC_STRINGS = NO;
				SWIFT_VERSION = 5.0;
				TARGETED_DEVICE_FAMILY = "1,2";
				TEST_HOST = "$(BUILT_PRODUCTS_DIR)/NizekTest.app/$(BUNDLE_EXECUTABLE_FOLDER_PATH)/NizekTest";
			};
			name = Release;
		};
		FACC6D86292A255A003649D8 /* Debug */ = {
			isa = XCBuildConfiguration;
			baseConfigurationReference = BA50D7EF914946311D4974FC /* Pods-NizekTest-NizekTestUITests.debug.xcconfig */;
			buildSettings = {
				ALWAYS_EMBED_SWIFT_STANDARD_LIBRARIES = YES;
				CODE_SIGN_STYLE = Automatic;
				CURRENT_PROJECT_VERSION = 1;
				DEVELOPMENT_TEAM = VP8H8855PE;
				GENERATE_INFOPLIST_FILE = YES;
				MARKETING_VERSION = 1.0;
				PRODUCT_BUNDLE_IDENTIFIER = ir.behrooz.NizekTestUITests;
				PRODUCT_NAME = "$(TARGET_NAME)";
				SWIFT_EMIT_LOC_STRINGS = NO;
				SWIFT_VERSION = 5.0;
				TARGETED_DEVICE_FAMILY = "1,2";
				TEST_TARGET_NAME = NizekTest;
			};
			name = Debug;
		};
		FACC6D87292A255A003649D8 /* Release */ = {
			isa = XCBuildConfiguration;
			baseConfigurationReference = D620F8D49403C9AFE773C75B /* Pods-NizekTest-NizekTestUITests.release.xcconfig */;
			buildSettings = {
				ALWAYS_EMBED_SWIFT_STANDARD_LIBRARIES = YES;
				CODE_SIGN_STYLE = Automatic;
				CURRENT_PROJECT_VERSION = 1;
				DEVELOPMENT_TEAM = VP8H8855PE;
				GENERATE_INFOPLIST_FILE = YES;
				MARKETING_VERSION = 1.0;
				PRODUCT_BUNDLE_IDENTIFIER = ir.behrooz.NizekTestUITests;
				PRODUCT_NAME = "$(TARGET_NAME)";
				SWIFT_EMIT_LOC_STRINGS = NO;
				SWIFT_VERSION = 5.0;
				TARGETED_DEVICE_FAMILY = "1,2";
				TEST_TARGET_NAME = NizekTest;
			};
			name = Release;
		};
/* End XCBuildConfiguration section */

/* Begin XCConfigurationList section */
		FACC6D50292A2559003649D8 /* Build configuration list for PBXProject "NizekTest" */ = {
			isa = XCConfigurationList;
			buildConfigurations = (
				FACC6D7D292A255A003649D8 /* Debug */,
				FACC6D7E292A255A003649D8 /* Release */,
			);
			defaultConfigurationIsVisible = 0;
			defaultConfigurationName = Release;
		};
		FACC6D7F292A255A003649D8 /* Build configuration list for PBXNativeTarget "NizekTest" */ = {
			isa = XCConfigurationList;
			buildConfigurations = (
				FACC6D80292A255A003649D8 /* Debug */,
				FACC6D81292A255A003649D8 /* Release */,
			);
			defaultConfigurationIsVisible = 0;
			defaultConfigurationName = Release;
		};
		FACC6D82292A255A003649D8 /* Build configuration list for PBXNativeTarget "NizekTestTests" */ = {
			isa = XCConfigurationList;
			buildConfigurations = (
				FACC6D83292A255A003649D8 /* Debug */,
				FACC6D84292A255A003649D8 /* Release */,
			);
			defaultConfigurationIsVisible = 0;
			defaultConfigurationName = Release;
		};
		FACC6D85292A255A003649D8 /* Build configuration list for PBXNativeTarget "NizekTestUITests" */ = {
			isa = XCConfigurationList;
			buildConfigurations = (
				FACC6D86292A255A003649D8 /* Debug */,
				FACC6D87292A255A003649D8 /* Release */,
			);
			defaultConfigurationIsVisible = 0;
			defaultConfigurationName = Release;
		};
/* End XCConfigurationList section */

/* Begin XCVersionGroup section */
		FAE08EBE292CC66700C5F404 /* UserCoreData.xcdatamodeld */ = {
			isa = XCVersionGroup;
			children = (
				FAE08EBF292CC66700C5F404 /* UserModel.xcdatamodel */,
			);
			currentVersion = FAE08EBF292CC66700C5F404 /* UserModel.xcdatamodel */;
			path = UserCoreData.xcdatamodeld;
			sourceTree = "<group>";
			versionGroupType = wrapper.xcdatamodel;
		};
/* End XCVersionGroup section */
	};
	rootObject = FACC6D4D292A2559003649D8 /* Project object */;
}
